// !$*UTF8*$!
{
	archiveVersion = 1;
	classes = {
	};
	objectVersion = 77;
	objects = {

/* Begin PBXContainerItemProxy section */
		634C1F782EA13B3F00E1322B /* PBXContainerItemProxy */ = {
			isa = PBXContainerItemProxy;
			containerPortal = 634C1F602EA13B3C00E1322B /* Project object */;
			proxyType = 1;
			remoteGlobalIDString = 634C1F672EA13B3C00E1322B;
			remoteInfo = Resonus;
		};
		634C1F822EA13B3F00E1322B /* PBXContainerItemProxy */ = {
			isa = PBXContainerItemProxy;
			containerPortal = 634C1F602EA13B3C00E1322B /* Project object */;
			proxyType = 1;
			remoteGlobalIDString = 634C1F672EA13B3C00E1322B;
			remoteInfo = Resonus;
		};
/* End PBXContainerItemProxy section */

/* Begin PBXFileReference section */
		634C1F682EA13B3C00E1322B /* Resonus.app */ = {isa = PBXFileReference; explicitFileType = wrapper.application; includeInIndex = 0; path = Resonus.app; sourceTree = BUILT_PRODUCTS_DIR; };
		634C1F772EA13B3F00E1322B /* ResonusTests.xctest */ = {isa = PBXFileReference; explicitFileType = wrapper.cfbundle; includeInIndex = 0; path = ResonusTests.xctest; sourceTree = BUILT_PRODUCTS_DIR; };
		634C1F812EA13B3F00E1322B /* ResonusUITests.xctest */ = {isa = PBXFileReference; explicitFileType = wrapper.cfbundle; includeInIndex = 0; path = ResonusUITests.xctest; sourceTree = BUILT_PRODUCTS_DIR; };
/* End PBXFileReference section */

/* Begin PBXFileSystemSynchronizedRootGroup section */
		634C1F6A2EA13B3C00E1322B /* Resonus */ = {
			isa = PBXFileSystemSynchronizedRootGroup;
			path = Resonus;
			sourceTree = "<group>";
		};
		634C1F7A2EA13B3F00E1322B /* ResonusTests */ = {
			isa = PBXFileSystemSynchronizedRootGroup;
			path = ResonusTests;
			sourceTree = "<group>";
		};
		634C1F842EA13B3F00E1322B /* ResonusUITests */ = {
			isa = PBXFileSystemSynchronizedRootGroup;
			path = ResonusUITests;
			sourceTree = "<group>";
		};
/* End PBXFileSystemSynchronizedRootGroup section */

/* Begin PBXFrameworksBuildPhase section */
		634C1F652EA13B3C00E1322B /* Frameworks */ = {
			isa = PBXFrameworksBuildPhase;
			buildActionMask = 2147483647;
			files = (
			);
			runOnlyForDeploymentPostprocessing = 0;
		};
		634C1F742EA13B3F00E1322B /* Frameworks */ = {
			isa = PBXFrameworksBuildPhase;
			buildActionMask = 2147483647;
			files = (
			);
			runOnlyForDeploymentPostprocessing = 0;
		};
		634C1F7E2EA13B3F00E1322B /* Frameworks */ = {
			isa = PBXFrameworksBuildPhase;
			buildActionMask = 2147483647;
			files = (
			);
			runOnlyForDeploymentPostprocessing = 0;
		};
/* End PBXFrameworksBuildPhase section */

/* Begin PBXGroup section */
		634C1F5F2EA13B3C00E1322B = {
			isa = PBXGroup;
			children = (
				634C1F6A2EA13B3C00E1322B /* Resonus */,
				634C1F7A2EA13B3F00E1322B /* ResonusTests */,
				634C1F842EA13B3F00E1322B /* ResonusUITests */,
				634C1F692EA13B3C00E1322B /* Products */,
			);
			sourceTree = "<group>";
		};
		634C1F692EA13B3C00E1322B /* Products */ = {
			isa = PBXGroup;
			children = (
				634C1F682EA13B3C00E1322B /* Resonus.app */,
				634C1F772EA13B3F00E1322B /* ResonusTests.xctest */,
				634C1F812EA13B3F00E1322B /* ResonusUITests.xctest */,
			);
			name = Products;
			sourceTree = "<group>";
		};
/* End PBXGroup section */

/* Begin PBXNativeTarget section */
		634C1F672EA13B3C00E1322B /* Resonus */ = {
			isa = PBXNativeTarget;
			buildConfigurationList = 634C1F8B2EA13B3F00E1322B /* Build configuration list for PBXNativeTarget "Resonus" */;
			buildPhases = (
				634C1F642EA13B3C00E1322B /* Sources */,
				634C1F652EA13B3C00E1322B /* Frameworks */,
				634C1F662EA13B3C00E1322B /* Resources */,
			);
			buildRules = (
			);
			dependencies = (
			);
			fileSystemSynchronizedGroups = (
				634C1F6A2EA13B3C00E1322B /* Resonus */,
			);
			name = Resonus;
			packageProductDependencies = (
			);
			productName = Resonus;
			productReference = 634C1F682EA13B3C00E1322B /* Resonus.app */;
			productType = "com.apple.product-type.application";
		};
		634C1F762EA13B3F00E1322B /* ResonusTests */ = {
			isa = PBXNativeTarget;
			buildConfigurationList = 634C1F8E2EA13B3F00E1322B /* Build configuration list for PBXNativeTarget "ResonusTests" */;
			buildPhases = (
				634C1F732EA13B3F00E1322B /* Sources */,
				634C1F742EA13B3F00E1322B /* Frameworks */,
				634C1F752EA13B3F00E1322B /* Resources */,
			);
			buildRules = (
			);
			dependencies = (
				634C1F792EA13B3F00E1322B /* PBXTargetDependency */,
			);
			fileSystemSynchronizedGroups = (
				634C1F7A2EA13B3F00E1322B /* ResonusTests */,
			);
			name = ResonusTests;
			packageProductDependencies = (
			);
			productName = ResonusTests;
			productReference = 634C1F772EA13B3F00E1322B /* ResonusTests.xctest */;
			productType = "com.apple.product-type.bundle.unit-test";
		};
		634C1F802EA13B3F00E1322B /* ResonusUITests */ = {
			isa = PBXNativeTarget;
			buildConfigurationList = 634C1F912EA13B3F00E1322B /* Build configuration list for PBXNativeTarget "ResonusUITests" */;
			buildPhases = (
				634C1F7D2EA13B3F00E1322B /* Sources */,
				634C1F7E2EA13B3F00E1322B /* Frameworks */,
				634C1F7F2EA13B3F00E1322B /* Resources */,
			);
			buildRules = (
			);
			dependencies = (
				634C1F832EA13B3F00E1322B /* PBXTargetDependency */,
			);
			fileSystemSynchronizedGroups = (
				634C1F842EA13B3F00E1322B /* ResonusUITests */,
			);
			name = ResonusUITests;
			packageProductDependencies = (
			);
			productName = ResonusUITests;
			productReference = 634C1F812EA13B3F00E1322B /* ResonusUITests.xctest */;
			productType = "com.apple.product-type.bundle.ui-testing";
		};
/* End PBXNativeTarget section */

/* Begin PBXProject section */
		634C1F602EA13B3C00E1322B /* Project object */ = {
			isa = PBXProject;
			attributes = {
				BuildIndependentTargetsInParallel = 1;
				LastSwiftUpdateCheck = 1640;
				LastUpgradeCheck = 1640;
				TargetAttributes = {
					634C1F672EA13B3C00E1322B = {
						CreatedOnToolsVersion = 16.4;
					};
					634C1F762EA13B3F00E1322B = {
						CreatedOnToolsVersion = 16.4;
						TestTargetID = 634C1F672EA13B3C00E1322B;
					};
					634C1F802EA13B3F00E1322B = {
						CreatedOnToolsVersion = 16.4;
						TestTargetID = 634C1F672EA13B3C00E1322B;
					};
				};
			};
			buildConfigurationList = 634C1F632EA13B3C00E1322B /* Build configuration list for PBXProject "Resonus" */;
			developmentRegion = en;
			hasScannedForEncodings = 0;
			knownRegions = (
				en,
				Base,
			);
			mainGroup = 634C1F5F2EA13B3C00E1322B;
			minimizedProjectReferenceProxies = 1;
			preferredProjectObjectVersion = 77;
			productRefGroup = 634C1F692EA13B3C00E1322B /* Products */;
			projectDirPath = "";
			projectRoot = "";
			targets = (
				634C1F672EA13B3C00E1322B /* Resonus */,
				634C1F762EA13B3F00E1322B /* ResonusTests */,
				634C1F802EA13B3F00E1322B /* ResonusUITests */,
			);
		};
/* End PBXProject section */

/* Begin PBXResourcesBuildPhase section */
		634C1F662EA13B3C00E1322B /* Resources */ = {
			isa = PBXResourcesBuildPhase;
			buildActionMask = 2147483647;
			files = (
			);
			runOnlyForDeploymentPostprocessing = 0;
		};
		634C1F752EA13B3F00E1322B /* Resources */ = {
			isa = PBXResourcesBuildPhase;
			buildActionMask = 2147483647;
			files = (
			);
			runOnlyForDeploymentPostprocessing = 0;
		};
		634C1F7F2EA13B3F00E1322B /* Resources */ = {
			isa = PBXResourcesBuildPhase;
			buildActionMask = 2147483647;
			files = (
			);
			runOnlyForDeploymentPostprocessing = 0;
		};
/* End PBXResourcesBuildPhase section */

/* Begin PBXSourcesBuildPhase section */
		634C1F642EA13B3C00E1322B /* Sources */ = {
			isa = PBXSourcesBuildPhase;
			buildActionMask = 2147483647;
			files = (
			);
			runOnlyForDeploymentPostprocessing = 0;
		};
		634C1F732EA13B3F00E1322B /* Sources */ = {
			isa = PBXSourcesBuildPhase;
			buildActionMask = 2147483647;
			files = (
			);
			runOnlyForDeploymentPostprocessing = 0;
		};
		634C1F7D2EA13B3F00E1322B /* Sources */ = {
			isa = PBXSourcesBuildPhase;
			buildActionMask = 2147483647;
			files = (
			);
			runOnlyForDeploymentPostprocessing = 0;
		};
/* End PBXSourcesBuildPhase section */

/* Begin PBXTargetDependency section */
		634C1F792EA13B3F00E1322B /* PBXTargetDependency */ = {
			isa = PBXTargetDependency;
			target = 634C1F672EA13B3C00E1322B /* Resonus */;
			targetProxy = 634C1F782EA13B3F00E1322B /* PBXContainerItemProxy */;
		};
		634C1F832EA13B3F00E1322B /* PBXTargetDependency */ = {
			isa = PBXTargetDependency;
			target = 634C1F672EA13B3C00E1322B /* Resonus */;
			targetProxy = 634C1F822EA13B3F00E1322B /* PBXContainerItemProxy */;
		};
/* End PBXTargetDependency section */

/* Begin XCBuildConfiguration section */
		634C1F892EA13B3F00E1322B /* Debug */ = {
			isa = XCBuildConfiguration;
			buildSettings = {
				ALWAYS_SEARCH_USER_PATHS = NO;
				ASSETCATALOG_COMPILER_GENERATE_SWIFT_ASSET_SYMBOL_EXTENSIONS = YES;
				CLANG_ANALYZER_NONNULL = YES;
				CLANG_ANALYZER_NUMBER_OBJECT_CONVERSION = YES_AGGRESSIVE;
				CLANG_CXX_LANGUAGE_STANDARD = "gnu++20";
				CLANG_ENABLE_MODULES = YES;
				CLANG_ENABLE_OBJC_ARC = YES;
				CLANG_ENABLE_OBJC_WEAK = YES;
				CLANG_WARN_BLOCK_CAPTURE_AUTORELEASING = YES;
				CLANG_WARN_BOOL_CONVERSION = YES;
				CLANG_WARN_COMMA = YES;
				CLANG_WARN_CONSTANT_CONVERSION = YES;
				CLANG_WARN_DEPRECATED_OBJC_IMPLEMENTATIONS = YES;
				CLANG_WARN_DIRECT_OBJC_ISA_USAGE = YES_ERROR;
				CLANG_WARN_DOCUMENTATION_COMMENTS = YES;
				CLANG_WARN_EMPTY_BODY = YES;
				CLANG_WARN_ENUM_CONVERSION = YES;
				CLANG_WARN_INFINITE_RECURSION = YES;
				CLANG_WARN_INT_CONVERSION = YES;
				CLANG_WARN_NON_LITERAL_NULL_CONVERSION = YES;
				CLANG_WARN_OBJC_IMPLICIT_RETAIN_SELF = YES;
				CLANG_WARN_OBJC_LITERAL_CONVERSION = YES;
				CLANG_WARN_OBJC_ROOT_CLASS = YES_ERROR;
				CLANG_WARN_QUOTED_INCLUDE_IN_FRAMEWORK_HEADER = YES;
				CLANG_WARN_RANGE_LOOP_ANALYSIS = YES;
				CLANG_WARN_STRICT_PROTOTYPES = YES;
				CLANG_WARN_SUSPICIOUS_MOVE = YES;
				CLANG_WARN_UNGUARDED_AVAILABILITY = YES_AGGRESSIVE;
				CLANG_WARN_UNREACHABLE_CODE = YES;
				CLANG_WARN__DUPLICATE_METHOD_MATCH = YES;
				COPY_PHASE_STRIP = NO;
				DEBUG_INFORMATION_FORMAT = dwarf;
				ENABLE_STRICT_OBJC_MSGSEND = YES;
				ENABLE_TESTABILITY = YES;
				ENABLE_USER_SCRIPT_SANDBOXING = YES;
				GCC_C_LANGUAGE_STANDARD = gnu17;
				GCC_DYNAMIC_NO_PIC = NO;
				GCC_NO_COMMON_BLOCKS = YES;
				GCC_OPTIMIZATION_LEVEL = 0;
				GCC_PREPROCESSOR_DEFINITIONS = (
					"DEBUG=1",
					"$(inherited)",
				);
				GCC_WARN_64_TO_32_BIT_CONVERSION = YES;
				GCC_WARN_ABOUT_RETURN_TYPE = YES_ERROR;
				GCC_WARN_UNDECLARED_SELECTOR = YES;
				GCC_WARN_UNINITIALIZED_AUTOS = YES_AGGRESSIVE;
				GCC_WARN_UNUSED_FUNCTION = YES;
				GCC_WARN_UNUSED_VARIABLE = YES;
				IPHONEOS_DEPLOYMENT_TARGET = 18.5;
				LOCALIZATION_PREFERS_STRING_CATALOGS = YES;
				MTL_ENABLE_DEBUG_INFO = INCLUDE_SOURCE;
				MTL_FAST_MATH = YES;
				ONLY_ACTIVE_ARCH = YES;
				SDKROOT = iphoneos;
				SWIFT_ACTIVE_COMPILATION_CONDITIONS = "DEBUG $(inherited)";
				SWIFT_OPTIMIZATION_LEVEL = "-Onone";
			};
			name = Debug;
		};
		634C1F8A2EA13B3F00E1322B /* Release */ = {
			isa = XCBuildConfiguration;
			buildSettings = {
				ALWAYS_SEARCH_USER_PATHS = NO;
				ASSETCATALOG_COMPILER_GENERATE_SWIFT_ASSET_SYMBOL_EXTENSIONS = YES;
				CLANG_ANALYZER_NONNULL = YES;
				CLANG_ANALYZER_NUMBER_OBJECT_CONVERSION = YES_AGGRESSIVE;
				CLANG_CXX_LANGUAGE_STANDARD = "gnu++20";
				CLANG_ENABLE_MODULES = YES;
				CLANG_ENABLE_OBJC_ARC = YES;
				CLANG_ENABLE_OBJC_WEAK = YES;
				CLANG_WARN_BLOCK_CAPTURE_AUTORELEASING = YES;
				CLANG_WARN_BOOL_CONVERSION = YES;
				CLANG_WARN_COMMA = YES;
				CLANG_WARN_CONSTANT_CONVERSION = YES;
				CLANG_WARN_DEPRECATED_OBJC_IMPLEMENTATIONS = YES;
				CLANG_WARN_DIRECT_OBJC_ISA_USAGE = YES_ERROR;
				CLANG_WARN_DOCUMENTATION_COMMENTS = YES;
				CLANG_WARN_EMPTY_BODY = YES;
				CLANG_WARN_ENUM_CONVERSION = YES;
				CLANG_WARN_INFINITE_RECURSION = YES;
				CLANG_WARN_INT_CONVERSION = YES;
				CLANG_WARN_NON_LITERAL_NULL_CONVERSION = YES;
				CLANG_WARN_OBJC_IMPLICIT_RETAIN_SELF = YES;
				CLANG_WARN_OBJC_LITERAL_CONVERSION = YES;
				CLANG_WARN_OBJC_ROOT_CLASS = YES_ERROR;
				CLANG_WARN_QUOTED_INCLUDE_IN_FRAMEWORK_HEADER = YES;
				CLANG_WARN_RANGE_LOOP_ANALYSIS = YES;
				CLANG_WARN_STRICT_PROTOTYPES = YES;
				CLANG_WARN_SUSPICIOUS_MOVE = YES;
				CLANG_WARN_UNGUARDED_AVAILABILITY = YES_AGGRESSIVE;
				CLANG_WARN_UNREACHABLE_CODE = YES;
				CLANG_WARN__DUPLICATE_METHOD_MATCH = YES;
				COPY_PHASE_STRIP = NO;
				DEBUG_INFORMATION_FORMAT = "dwarf-with-dsym";
				ENABLE_NS_ASSERTIONS = NO;
				ENABLE_STRICT_OBJC_MSGSEND = YES;
				ENABLE_USER_SCRIPT_SANDBOXING = YES;
				GCC_C_LANGUAGE_STANDARD = gnu17;
				GCC_NO_COMMON_BLOCKS = YES;
				GCC_WARN_64_TO_32_BIT_CONVERSION = YES;
				GCC_WARN_ABOUT_RETURN_TYPE = YES_ERROR;
				GCC_WARN_UNDECLARED_SELECTOR = YES;
				GCC_WARN_UNINITIALIZED_AUTOS = YES_AGGRESSIVE;
				GCC_WARN_UNUSED_FUNCTION = YES;
				GCC_WARN_UNUSED_VARIABLE = YES;
				IPHONEOS_DEPLOYMENT_TARGET = 18.5;
				LOCALIZATION_PREFERS_STRING_CATALOGS = YES;
				MTL_ENABLE_DEBUG_INFO = NO;
				MTL_FAST_MATH = YES;
				SDKROOT = iphoneos;
				SWIFT_COMPILATION_MODE = wholemodule;
				VALIDATE_PRODUCT = YES;
			};
			name = Release;
		};
		634C1F8C2EA13B3F00E1322B /* Debug */ = {
			isa = XCBuildConfiguration;
			buildSettings = {
				ASSETCATALOG_COMPILER_APPICON_NAME = AppIcon;
				ASSETCATALOG_COMPILER_GLOBAL_ACCENT_COLOR_NAME = AccentColor;
				CODE_SIGN_STYLE = Automatic;
				CURRENT_PROJECT_VERSION = 1;
				ENABLE_PREVIEWS = YES;
				GENERATE_INFOPLIST_FILE = YES;
				INFOPLIST_KEY_UIApplicationSceneManifest_Generation = YES;
				INFOPLIST_KEY_UIApplicationSupportsIndirectInputEvents = YES;
				INFOPLIST_KEY_UILaunchScreen_Generation = YES;
				INFOPLIST_KEY_UISupportedInterfaceOrientations_iPad = "UIInterfaceOrientationPortrait UIInterfaceOrientationPortraitUpsideDown UIInterfaceOrientationLandscapeLeft UIInterfaceOrientationLandscapeRight";
				INFOPLIST_KEY_UISupportedInterfaceOrientations_iPhone = "UIInterfaceOrientationPortrait UIInterfaceOrientationLandscapeLeft UIInterfaceOrientationLandscapeRight";
				LD_RUNPATH_SEARCH_PATHS = (
					"$(inherited)",
					"@executable_path/Frameworks",
				);
				MARKETING_VERSION = 1.0;
				PRODUCT_BUNDLE_IDENTIFIER = com.champlain.Resonus;
				PRODUCT_NAME = "$(TARGET_NAME)";
				SWIFT_EMIT_LOC_STRINGS = YES;
				SWIFT_VERSION = 5.0;
				TARGETED_DEVICE_FAMILY = "1,2";
			};
			name = Debug;
		};
		634C1F8D2EA13B3F00E1322B /* Release */ = {
			isa = XCBuildConfiguration;
			buildSettings = {
				ASSETCATALOG_COMPILER_APPICON_NAME = AppIcon;
				ASSETCATALOG_COMPILER_GLOBAL_ACCENT_COLOR_NAME = AccentColor;
				CODE_SIGN_STYLE = Automatic;
				CURRENT_PROJECT_VERSION = 1;
				ENABLE_PREVIEWS = YES;
				GENERATE_INFOPLIST_FILE = YES;
				INFOPLIST_KEY_UIApplicationSceneManifest_Generation = YES;
				INFOPLIST_KEY_UIApplicationSupportsIndirectInputEvents = YES;
				INFOPLIST_KEY_UILaunchScreen_Generation = YES;
				INFOPLIST_KEY_UISupportedInterfaceOrientations_iPad = "UIInterfaceOrientationPortrait UIInterfaceOrientationPortraitUpsideDown UIInterfaceOrientationLandscapeLeft UIInterfaceOrientationLandscapeRight";
				INFOPLIST_KEY_UISupportedInterfaceOrientations_iPhone = "UIInterfaceOrientationPortrait UIInterfaceOrientationLandscapeLeft UIInterfaceOrientationLandscapeRight";
				LD_RUNPATH_SEARCH_PATHS = (
					"$(inherited)",
					"@executable_path/Frameworks",
				);
				MARKETING_VERSION = 1.0;
				PRODUCT_BUNDLE_IDENTIFIER = com.champlain.Resonus;
				PRODUCT_NAME = "$(TARGET_NAME)";
				SWIFT_EMIT_LOC_STRINGS = YES;
				SWIFT_VERSION = 5.0;
				TARGETED_DEVICE_FAMILY = "1,2";
			};
			name = Release;
		};
		634C1F8F2EA13B3F00E1322B /* Debug */ = {
			isa = XCBuildConfiguration;
			buildSettings = {
				BUNDLE_LOADER = "$(TEST_HOST)";
				CODE_SIGN_STYLE = Automatic;
				CURRENT_PROJECT_VERSION = 1;
				GENERATE_INFOPLIST_FILE = YES;
				IPHONEOS_DEPLOYMENT_TARGET = 18.5;
				MARKETING_VERSION = 1.0;
				PRODUCT_BUNDLE_IDENTIFIER = com.champlain.ResonusTests;
				PRODUCT_NAME = "$(TARGET_NAME)";
				SWIFT_EMIT_LOC_STRINGS = NO;
				SWIFT_VERSION = 5.0;
				TARGETED_DEVICE_FAMILY = "1,2";
				TEST_HOST = "$(BUILT_PRODUCTS_DIR)/Resonus.app/$(BUNDLE_EXECUTABLE_FOLDER_PATH)/Resonus";
			};
			name = Debug;
		};
		634C1F902EA13B3F00E1322B /* Release */ = {
			isa = XCBuildConfiguration;
			buildSettings = {
				BUNDLE_LOADER = "$(TEST_HOST)";
				CODE_SIGN_STYLE = Automatic;
				CURRENT_PROJECT_VERSION = 1;
				GENERATE_INFOPLIST_FILE = YES;
				IPHONEOS_DEPLOYMENT_TARGET = 18.5;
				MARKETING_VERSION = 1.0;
				PRODUCT_BUNDLE_IDENTIFIER = com.champlain.ResonusTests;
				PRODUCT_NAME = "$(TARGET_NAME)";
				SWIFT_EMIT_LOC_STRINGS = NO;
				SWIFT_VERSION = 5.0;
				TARGETED_DEVICE_FAMILY = "1,2";
				TEST_HOST = "$(BUILT_PRODUCTS_DIR)/Resonus.app/$(BUNDLE_EXECUTABLE_FOLDER_PATH)/Resonus";
			};
			name = Release;
		};
		634C1F922EA13B3F00E1322B /* Debug */ = {
			isa = XCBuildConfiguration;
			buildSettings = {
				CODE_SIGN_STYLE = Automatic;
				CURRENT_PROJECT_VERSION = 1;
				GENERATE_INFOPLIST_FILE = YES;
				MARKETING_VERSION = 1.0;
				PRODUCT_BUNDLE_IDENTIFIER = com.champlain.ResonusUITests;
				PRODUCT_NAME = "$(TARGET_NAME)";
				SWIFT_EMIT_LOC_STRINGS = NO;
				SWIFT_VERSION = 5.0;
				TARGETED_DEVICE_FAMILY = "1,2";
				TEST_TARGET_NAME = Resonus;
			};
			name = Debug;
		};
		634C1F932EA13B3F00E1322B /* Release */ = {
			isa = XCBuildConfiguration;
			buildSettings = {
				CODE_SIGN_STYLE = Automatic;
				CURRENT_PROJECT_VERSION = 1;
				GENERATE_INFOPLIST_FILE = YES;
				MARKETING_VERSION = 1.0;
				PRODUCT_BUNDLE_IDENTIFIER = com.champlain.ResonusUITests;
				PRODUCT_NAME = "$(TARGET_NAME)";
				SWIFT_EMIT_LOC_STRINGS = NO;
				SWIFT_VERSION = 5.0;
				TARGETED_DEVICE_FAMILY = "1,2";
				TEST_TARGET_NAME = Resonus;
			};
			name = Release;
		};
/* End XCBuildConfiguration section */

/* Begin XCConfigurationList section */
		634C1F632EA13B3C00E1322B /* Build configuration list for PBXProject "Resonus" */ = {
			isa = XCConfigurationList;
			buildConfigurations = (
				634C1F892EA13B3F00E1322B /* Debug */,
				634C1F8A2EA13B3F00E1322B /* Release */,
			);
			defaultConfigurationIsVisible = 0;
			defaultConfigurationName = Release;
		};
		634C1F8B2EA13B3F00E1322B /* Build configuration list for PBXNativeTarget "Resonus" */ = {
			isa = XCConfigurationList;
			buildConfigurations = (
				634C1F8C2EA13B3F00E1322B /* Debug */,
				634C1F8D2EA13B3F00E1322B /* Release */,
			);
			defaultConfigurationIsVisible = 0;
			defaultConfigurationName = Release;
		};
		634C1F8E2EA13B3F00E1322B /* Build configuration list for PBXNativeTarget "ResonusTests" */ = {
			isa = XCConfigurationList;
			buildConfigurations = (
				634C1F8F2EA13B3F00E1322B /* Debug */,
				634C1F902EA13B3F00E1322B /* Release */,
			);
			defaultConfigurationIsVisible = 0;
			defaultConfigurationName = Release;
		};
		634C1F912EA13B3F00E1322B /* Build configuration list for PBXNativeTarget "ResonusUITests" */ = {
			isa = XCConfigurationList;
			buildConfigurations = (
				634C1F922EA13B3F00E1322B /* Debug */,
				634C1F932EA13B3F00E1322B /* Release */,
			);
			defaultConfigurationIsVisible = 0;
			defaultConfigurationName = Release;
		};
/* End XCConfigurationList section */
	};
	rootObject = 634C1F602EA13B3C00E1322B /* Project object */;
}
